
Microsoft Visual Studio Solution File, Format Version 12.00
# Visual Studio Version 17
VisualStudioVersion = 17.14.36414.22 d17.14
MinimumVisualStudioVersion = 10.0.40219.1
Project("{FAE04EC0-301F-11D3-BF4B-00C04F79EFBC}") = "VirtualClassRoomManager01", "VirtualClassRoomManager01.csproj", "{3B514733-09A4-483E-BFA9-02635AC3327A}"
EndProject
Global
	GlobalSection(SolutionConfigurationPlatforms) = preSolution
		Debug|Any CPU = Debug|Any CPU
		Release|Any CPU = Release|Any CPU
	EndGlobalSection
	GlobalSection(ProjectConfigurationPlatforms) = postSolution
		{3B514733-09A4-483E-BFA9-02635AC3327A}.Debug|Any CPU.ActiveCfg = Debug|Any CPU
		{3B514733-09A4-483E-BFA9-02635AC3327A}.Debug|Any CPU.Build.0 = Debug|Any CPU
		{3B514733-09A4-483E-BFA9-02635AC3327A}.Release|Any CPU.ActiveCfg = Release|Any CPU
		{3B514733-09A4-483E-BFA9-02635AC3327A}.Release|Any CPU.Build.0 = Release|Any CPU
	EndGlobalSection
	GlobalSection(SolutionProperties) = preSolution
		HideSolutionNode = FALSE
	EndGlobalSection
	GlobalSection(ExtensibilityGlobals) = postSolution
		SolutionGuid = {4BB63A8F-EDA5-4CD9-B8DF-D07B82B1640F}
	EndGlobalSection
EndGlobal
